
Microsoft Visual Studio Solution File, Format Version 12.00
Project("{FAE04EC0-301F-11D3-BF4B-00C04F79EFBC}") = "Moonlight", "srcs\Moonlight\Moonlight.csproj", "{3A2A4024-B86C-4291-A91E-FC6EC7EB480C}"
EndProject
Project("{FAE04EC0-301F-11D3-BF4B-00C04F79EFBC}") = "Moonlight.Tests", "tests\Moonlight.Tests.csproj", "{C184A3A9-906C-45A1-9D3D-F3021366B7DF}"
EndProject
Project("{FAE04EC0-301F-11D3-BF4B-00C04F79EFBC}") = "Moonlight.Toolkit", "srcs\Moonlight.Toolkit\Moonlight.Toolkit.csproj", "{680BC078-FBC5-4A82-B723-E342E52F0BF7}"
EndProject
Global
	GlobalSection(SolutionConfigurationPlatforms) = preSolution
		Debug|Any CPU = Debug|Any CPU
		Release|Any CPU = Release|Any CPU
	EndGlobalSection
	GlobalSection(ProjectConfigurationPlatforms) = postSolution
		{3A2A4024-B86C-4291-A91E-FC6EC7EB480C}.Debug|Any CPU.ActiveCfg = Debug|Any CPU
		{3A2A4024-B86C-4291-A91E-FC6EC7EB480C}.Debug|Any CPU.Build.0 = Debug|Any CPU
		{3A2A4024-B86C-4291-A91E-FC6EC7EB480C}.Release|Any CPU.ActiveCfg = Release|Any CPU
		{3A2A4024-B86C-4291-A91E-FC6EC7EB480C}.Release|Any CPU.Build.0 = Release|Any CPU
		{C184A3A9-906C-45A1-9D3D-F3021366B7DF}.Debug|Any CPU.ActiveCfg = Debug|Any CPU
		{C184A3A9-906C-45A1-9D3D-F3021366B7DF}.Debug|Any CPU.Build.0 = Debug|Any CPU
		{C184A3A9-906C-45A1-9D3D-F3021366B7DF}.Release|Any CPU.ActiveCfg = Release|Any CPU
		{C184A3A9-906C-45A1-9D3D-F3021366B7DF}.Release|Any CPU.Build.0 = Release|Any CPU
		{680BC078-FBC5-4A82-B723-E342E52F0BF7}.Debug|Any CPU.ActiveCfg = Debug|Any CPU
		{680BC078-FBC5-4A82-B723-E342E52F0BF7}.Debug|Any CPU.Build.0 = Debug|Any CPU
		{680BC078-FBC5-4A82-B723-E342E52F0BF7}.Release|Any CPU.ActiveCfg = Release|Any CPU
		{680BC078-FBC5-4A82-B723-E342E52F0BF7}.Release|Any CPU.Build.0 = Release|Any CPU
	EndGlobalSection
	GlobalSection(NestedProjects) = preSolution
	EndGlobalSection
EndGlobal
