
Microsoft Visual Studio Solution File, Format Version 12.00
# Visual Studio Version 16
VisualStudioVersion = 16.0.29519.87
MinimumVisualStudioVersion = 10.0.40219.1
Project("{FAE04EC0-301F-11D3-BF4B-00C04F79EFBC}") = "Moonlight", "srcs\Moonlight\Moonlight.csproj", "{3A2A4024-B86C-4291-A91E-FC6EC7EB480C}"
EndProject
Project("{FAE04EC0-301F-11D3-BF4B-00C04F79EFBC}") = "Moonlight.Tests", "tests\Moonlight.Tests.csproj", "{C184A3A9-906C-45A1-9D3D-F3021366B7DF}"
EndProject
Project("{FAE04EC0-301F-11D3-BF4B-00C04F79EFBC}") = "Moonlight.Toolkit", "srcs\Moonlight.Toolkit\Moonlight.Toolkit.csproj", "{680BC078-FBC5-4A82-B723-E342E52F0BF7}"
EndProject
Project("{8BC9CEB8-8B4A-11D0-8D11-00A0C91BC942}") = "MoonlightCore", "lib\MoonlightCore\srcs\MoonlightCore\MoonlightCore.vcxproj", "{6713436A-4B03-46B9-A638-16223CBF45BF}"
EndProject
Global
	GlobalSection(SolutionConfigurationPlatforms) = preSolution
		Debug|Any CPU = Debug|Any CPU
		Debug|x64 = Debug|x64
		Debug|x86 = Debug|x86
		Release|Any CPU = Release|Any CPU
		Release|x64 = Release|x64
		Release|x86 = Release|x86
	EndGlobalSection
	GlobalSection(ProjectConfigurationPlatforms) = postSolution
		{3A2A4024-B86C-4291-A91E-FC6EC7EB480C}.Debug|Any CPU.ActiveCfg = Debug|Any CPU
		{3A2A4024-B86C-4291-A91E-FC6EC7EB480C}.Debug|Any CPU.Build.0 = Debug|Any CPU
		{3A2A4024-B86C-4291-A91E-FC6EC7EB480C}.Debug|x64.ActiveCfg = Debug|Any CPU
		{3A2A4024-B86C-4291-A91E-FC6EC7EB480C}.Debug|x64.Build.0 = Debug|Any CPU
		{3A2A4024-B86C-4291-A91E-FC6EC7EB480C}.Debug|x86.ActiveCfg = Debug|Any CPU
		{3A2A4024-B86C-4291-A91E-FC6EC7EB480C}.Debug|x86.Build.0 = Debug|Any CPU
		{3A2A4024-B86C-4291-A91E-FC6EC7EB480C}.Release|Any CPU.ActiveCfg = Release|Any CPU
		{3A2A4024-B86C-4291-A91E-FC6EC7EB480C}.Release|Any CPU.Build.0 = Release|Any CPU
		{3A2A4024-B86C-4291-A91E-FC6EC7EB480C}.Release|x64.ActiveCfg = Release|Any CPU
		{3A2A4024-B86C-4291-A91E-FC6EC7EB480C}.Release|x64.Build.0 = Release|Any CPU
		{3A2A4024-B86C-4291-A91E-FC6EC7EB480C}.Release|x86.ActiveCfg = Release|Any CPU
		{3A2A4024-B86C-4291-A91E-FC6EC7EB480C}.Release|x86.Build.0 = Release|Any CPU
		{C184A3A9-906C-45A1-9D3D-F3021366B7DF}.Debug|Any CPU.ActiveCfg = Debug|Any CPU
		{C184A3A9-906C-45A1-9D3D-F3021366B7DF}.Debug|Any CPU.Build.0 = Debug|Any CPU
		{C184A3A9-906C-45A1-9D3D-F3021366B7DF}.Debug|x64.ActiveCfg = Debug|Any CPU
		{C184A3A9-906C-45A1-9D3D-F3021366B7DF}.Debug|x64.Build.0 = Debug|Any CPU
		{C184A3A9-906C-45A1-9D3D-F3021366B7DF}.Debug|x86.ActiveCfg = Debug|Any CPU
		{C184A3A9-906C-45A1-9D3D-F3021366B7DF}.Debug|x86.Build.0 = Debug|Any CPU
		{C184A3A9-906C-45A1-9D3D-F3021366B7DF}.Release|Any CPU.ActiveCfg = Release|Any CPU
		{C184A3A9-906C-45A1-9D3D-F3021366B7DF}.Release|Any CPU.Build.0 = Release|Any CPU
		{C184A3A9-906C-45A1-9D3D-F3021366B7DF}.Release|x64.ActiveCfg = Release|Any CPU
		{C184A3A9-906C-45A1-9D3D-F3021366B7DF}.Release|x64.Build.0 = Release|Any CPU
		{C184A3A9-906C-45A1-9D3D-F3021366B7DF}.Release|x86.ActiveCfg = Release|Any CPU
		{C184A3A9-906C-45A1-9D3D-F3021366B7DF}.Release|x86.Build.0 = Release|Any CPU
		{680BC078-FBC5-4A82-B723-E342E52F0BF7}.Debug|Any CPU.ActiveCfg = Debug|Any CPU
		{680BC078-FBC5-4A82-B723-E342E52F0BF7}.Debug|Any CPU.Build.0 = Debug|Any CPU
		{680BC078-FBC5-4A82-B723-E342E52F0BF7}.Debug|x64.ActiveCfg = Debug|Any CPU
		{680BC078-FBC5-4A82-B723-E342E52F0BF7}.Debug|x64.Build.0 = Debug|Any CPU
		{680BC078-FBC5-4A82-B723-E342E52F0BF7}.Debug|x86.ActiveCfg = Debug|Any CPU
		{680BC078-FBC5-4A82-B723-E342E52F0BF7}.Debug|x86.Build.0 = Debug|Any CPU
		{680BC078-FBC5-4A82-B723-E342E52F0BF7}.Release|Any CPU.ActiveCfg = Release|Any CPU
		{680BC078-FBC5-4A82-B723-E342E52F0BF7}.Release|Any CPU.Build.0 = Release|Any CPU
		{680BC078-FBC5-4A82-B723-E342E52F0BF7}.Release|x64.ActiveCfg = Release|Any CPU
		{680BC078-FBC5-4A82-B723-E342E52F0BF7}.Release|x64.Build.0 = Release|Any CPU
		{680BC078-FBC5-4A82-B723-E342E52F0BF7}.Release|x86.ActiveCfg = Release|Any CPU
		{680BC078-FBC5-4A82-B723-E342E52F0BF7}.Release|x86.Build.0 = Release|Any CPU
		{6713436A-4B03-46B9-A638-16223CBF45BF}.Debug|Any CPU.ActiveCfg = Debug|Win32
		{6713436A-4B03-46B9-A638-16223CBF45BF}.Debug|x64.ActiveCfg = Debug|x64
		{6713436A-4B03-46B9-A638-16223CBF45BF}.Debug|x64.Build.0 = Debug|x64
		{6713436A-4B03-46B9-A638-16223CBF45BF}.Debug|x86.ActiveCfg = Debug|Win32
		{6713436A-4B03-46B9-A638-16223CBF45BF}.Debug|x86.Build.0 = Debug|Win32
		{6713436A-4B03-46B9-A638-16223CBF45BF}.Release|Any CPU.ActiveCfg = Release|Win32
		{6713436A-4B03-46B9-A638-16223CBF45BF}.Release|x64.ActiveCfg = Release|x64
		{6713436A-4B03-46B9-A638-16223CBF45BF}.Release|x64.Build.0 = Release|x64
		{6713436A-4B03-46B9-A638-16223CBF45BF}.Release|x86.ActiveCfg = Release|Win32
		{6713436A-4B03-46B9-A638-16223CBF45BF}.Release|x86.Build.0 = Release|Win32
	EndGlobalSection
	GlobalSection(SolutionProperties) = preSolution
		HideSolutionNode = FALSE
	EndGlobalSection
	GlobalSection(ExtensibilityGlobals) = postSolution
		SolutionGuid = {E3402FB1-0BD1-4DE7-A1FE-9367775DF9A7}
	EndGlobalSection
EndGlobal
