
Microsoft Visual Studio Solution File, Format Version 12.00
# Visual Studio Version 16
VisualStudioVersion = 16.0.29519.87
MinimumVisualStudioVersion = 10.0.40219.1
Project("{FAE04EC0-301F-11D3-BF4B-00C04F79EFBC}") = "Moonlight", "srcs\Moonlight\Moonlight.csproj", "{3A2A4024-B86C-4291-A91E-FC6EC7EB480C}"
EndProject
Project("{FAE04EC0-301F-11D3-BF4B-00C04F79EFBC}") = "Moonlight.Tests", "tests\Moonlight.Tests.csproj", "{C184A3A9-906C-45A1-9D3D-F3021366B7DF}"
EndProject
Project("{FAE04EC0-301F-11D3-BF4B-00C04F79EFBC}") = "Moonlight.Toolkit", "srcs\Moonlight.Toolkit\Moonlight.Toolkit.csproj", "{680BC078-FBC5-4A82-B723-E342E52F0BF7}"
EndProject
Project("{8BC9CEB8-8B4A-11D0-8D11-00A0C91BC942}") = "Moon", "srcs\Moon\Moon.vcxproj", "{5098DE71-AA35-471C-8C6B-CE533888401A}"
EndProject
Project("{FAE04EC0-301F-11D3-BF4B-00C04F79EFBC}") = "Moonlight.Database", "srcs\Moonlight.Database\Moonlight.Database.csproj", "{704C7883-C75A-4860-B775-7B84EAC5A470}"
EndProject
Project("{FAE04EC0-301F-11D3-BF4B-00C04F79EFBC}") = "Moonlight.Core", "srcs\Moonlight.Core\Moonlight.Core.csproj", "{9E99F499-EDAE-4A74-86B6-397D8CA5D9FA}"
EndProject
Project("{FAE04EC0-301F-11D3-BF4B-00C04F79EFBC}") = "Moonlight.Packet", "srcs\Moonlight.Packet\Moonlight.Packet.csproj", "{30DC4429-62D6-4552-99A1-766D9BE645D1}"
EndProject
Project("{FAE04EC0-301F-11D3-BF4B-00C04F79EFBC}") = "Moonlight.Conversion", "srcs\Moonlight.Conversion\Moonlight.Conversion.csproj", "{AD2ADC56-76B5-4E4D-9F50-75BAF536BA28}"
EndProject
Project("{FAE04EC0-301F-11D3-BF4B-00C04F79EFBC}") = "Moonlight.Parser", "srcs\Moonlight.Parser\Moonlight.Parser.csproj", "{A07953D8-5007-47D3-958E-42954FC8CB16}"
EndProject
Project("{FAE04EC0-301F-11D3-BF4B-00C04F79EFBC}") = "Moonlight.Translation", "srcs\Moonlight.Translation\Moonlight.Translation.csproj", "{25394B56-6943-456E-B146-F27CDD928D11}"
EndProject
Global
	GlobalSection(SolutionConfigurationPlatforms) = preSolution
		Debug|Any CPU = Debug|Any CPU
		Debug|x64 = Debug|x64
		Debug|x86 = Debug|x86
		Release|Any CPU = Release|Any CPU
		Release|x64 = Release|x64
		Release|x86 = Release|x86
	EndGlobalSection
	GlobalSection(ProjectConfigurationPlatforms) = postSolution
		{3A2A4024-B86C-4291-A91E-FC6EC7EB480C}.Debug|Any CPU.ActiveCfg = Debug|Any CPU
		{3A2A4024-B86C-4291-A91E-FC6EC7EB480C}.Debug|Any CPU.Build.0 = Debug|Any CPU
		{3A2A4024-B86C-4291-A91E-FC6EC7EB480C}.Debug|x64.ActiveCfg = Debug|Any CPU
		{3A2A4024-B86C-4291-A91E-FC6EC7EB480C}.Debug|x64.Build.0 = Debug|Any CPU
		{3A2A4024-B86C-4291-A91E-FC6EC7EB480C}.Debug|x86.ActiveCfg = Debug|Any CPU
		{3A2A4024-B86C-4291-A91E-FC6EC7EB480C}.Debug|x86.Build.0 = Debug|Any CPU
		{3A2A4024-B86C-4291-A91E-FC6EC7EB480C}.Release|Any CPU.ActiveCfg = Release|Any CPU
		{3A2A4024-B86C-4291-A91E-FC6EC7EB480C}.Release|Any CPU.Build.0 = Release|Any CPU
		{3A2A4024-B86C-4291-A91E-FC6EC7EB480C}.Release|x64.ActiveCfg = Release|Any CPU
		{3A2A4024-B86C-4291-A91E-FC6EC7EB480C}.Release|x64.Build.0 = Release|Any CPU
		{3A2A4024-B86C-4291-A91E-FC6EC7EB480C}.Release|x86.ActiveCfg = Release|Any CPU
		{3A2A4024-B86C-4291-A91E-FC6EC7EB480C}.Release|x86.Build.0 = Release|Any CPU
		{C184A3A9-906C-45A1-9D3D-F3021366B7DF}.Debug|Any CPU.ActiveCfg = Debug|Any CPU
		{C184A3A9-906C-45A1-9D3D-F3021366B7DF}.Debug|Any CPU.Build.0 = Debug|Any CPU
		{C184A3A9-906C-45A1-9D3D-F3021366B7DF}.Debug|x64.ActiveCfg = Debug|Any CPU
		{C184A3A9-906C-45A1-9D3D-F3021366B7DF}.Debug|x64.Build.0 = Debug|Any CPU
		{C184A3A9-906C-45A1-9D3D-F3021366B7DF}.Debug|x86.ActiveCfg = Debug|Any CPU
		{C184A3A9-906C-45A1-9D3D-F3021366B7DF}.Debug|x86.Build.0 = Debug|Any CPU
		{C184A3A9-906C-45A1-9D3D-F3021366B7DF}.Release|Any CPU.ActiveCfg = Release|Any CPU
		{C184A3A9-906C-45A1-9D3D-F3021366B7DF}.Release|Any CPU.Build.0 = Release|Any CPU
		{C184A3A9-906C-45A1-9D3D-F3021366B7DF}.Release|x64.ActiveCfg = Release|Any CPU
		{C184A3A9-906C-45A1-9D3D-F3021366B7DF}.Release|x64.Build.0 = Release|Any CPU
		{C184A3A9-906C-45A1-9D3D-F3021366B7DF}.Release|x86.ActiveCfg = Release|Any CPU
		{C184A3A9-906C-45A1-9D3D-F3021366B7DF}.Release|x86.Build.0 = Release|Any CPU
		{680BC078-FBC5-4A82-B723-E342E52F0BF7}.Debug|Any CPU.ActiveCfg = Debug|Any CPU
		{680BC078-FBC5-4A82-B723-E342E52F0BF7}.Debug|Any CPU.Build.0 = Debug|Any CPU
		{680BC078-FBC5-4A82-B723-E342E52F0BF7}.Debug|x64.ActiveCfg = Debug|Any CPU
		{680BC078-FBC5-4A82-B723-E342E52F0BF7}.Debug|x64.Build.0 = Debug|Any CPU
		{680BC078-FBC5-4A82-B723-E342E52F0BF7}.Debug|x86.ActiveCfg = Debug|Any CPU
		{680BC078-FBC5-4A82-B723-E342E52F0BF7}.Debug|x86.Build.0 = Debug|Any CPU
		{680BC078-FBC5-4A82-B723-E342E52F0BF7}.Release|Any CPU.ActiveCfg = Release|Any CPU
		{680BC078-FBC5-4A82-B723-E342E52F0BF7}.Release|Any CPU.Build.0 = Release|Any CPU
		{680BC078-FBC5-4A82-B723-E342E52F0BF7}.Release|x64.ActiveCfg = Release|Any CPU
		{680BC078-FBC5-4A82-B723-E342E52F0BF7}.Release|x64.Build.0 = Release|Any CPU
		{680BC078-FBC5-4A82-B723-E342E52F0BF7}.Release|x86.ActiveCfg = Release|Any CPU
		{680BC078-FBC5-4A82-B723-E342E52F0BF7}.Release|x86.Build.0 = Release|Any CPU
		{5098DE71-AA35-471C-8C6B-CE533888401A}.Debug|Any CPU.ActiveCfg = Debug|Win32
		{5098DE71-AA35-471C-8C6B-CE533888401A}.Debug|x64.ActiveCfg = Debug|x64
		{5098DE71-AA35-471C-8C6B-CE533888401A}.Debug|x64.Build.0 = Debug|x64
		{5098DE71-AA35-471C-8C6B-CE533888401A}.Debug|x86.ActiveCfg = Debug|Win32
		{5098DE71-AA35-471C-8C6B-CE533888401A}.Debug|x86.Build.0 = Debug|Win32
		{5098DE71-AA35-471C-8C6B-CE533888401A}.Release|Any CPU.ActiveCfg = Release|Win32
		{5098DE71-AA35-471C-8C6B-CE533888401A}.Release|x64.ActiveCfg = Release|x64
		{5098DE71-AA35-471C-8C6B-CE533888401A}.Release|x64.Build.0 = Release|x64
		{5098DE71-AA35-471C-8C6B-CE533888401A}.Release|x86.ActiveCfg = Release|Win32
		{5098DE71-AA35-471C-8C6B-CE533888401A}.Release|x86.Build.0 = Release|Win32
		{704C7883-C75A-4860-B775-7B84EAC5A470}.Debug|Any CPU.ActiveCfg = Debug|Any CPU
		{704C7883-C75A-4860-B775-7B84EAC5A470}.Debug|Any CPU.Build.0 = Debug|Any CPU
		{704C7883-C75A-4860-B775-7B84EAC5A470}.Debug|x64.ActiveCfg = Debug|Any CPU
		{704C7883-C75A-4860-B775-7B84EAC5A470}.Debug|x64.Build.0 = Debug|Any CPU
		{704C7883-C75A-4860-B775-7B84EAC5A470}.Debug|x86.ActiveCfg = Debug|Any CPU
		{704C7883-C75A-4860-B775-7B84EAC5A470}.Debug|x86.Build.0 = Debug|Any CPU
		{704C7883-C75A-4860-B775-7B84EAC5A470}.Release|Any CPU.ActiveCfg = Release|Any CPU
		{704C7883-C75A-4860-B775-7B84EAC5A470}.Release|Any CPU.Build.0 = Release|Any CPU
		{704C7883-C75A-4860-B775-7B84EAC5A470}.Release|x64.ActiveCfg = Release|Any CPU
		{704C7883-C75A-4860-B775-7B84EAC5A470}.Release|x64.Build.0 = Release|Any CPU
		{704C7883-C75A-4860-B775-7B84EAC5A470}.Release|x86.ActiveCfg = Release|Any CPU
		{704C7883-C75A-4860-B775-7B84EAC5A470}.Release|x86.Build.0 = Release|Any CPU
		{9E99F499-EDAE-4A74-86B6-397D8CA5D9FA}.Debug|Any CPU.ActiveCfg = Debug|Any CPU
		{9E99F499-EDAE-4A74-86B6-397D8CA5D9FA}.Debug|Any CPU.Build.0 = Debug|Any CPU
		{9E99F499-EDAE-4A74-86B6-397D8CA5D9FA}.Debug|x64.ActiveCfg = Debug|Any CPU
		{9E99F499-EDAE-4A74-86B6-397D8CA5D9FA}.Debug|x64.Build.0 = Debug|Any CPU
		{9E99F499-EDAE-4A74-86B6-397D8CA5D9FA}.Debug|x86.ActiveCfg = Debug|Any CPU
		{9E99F499-EDAE-4A74-86B6-397D8CA5D9FA}.Debug|x86.Build.0 = Debug|Any CPU
		{9E99F499-EDAE-4A74-86B6-397D8CA5D9FA}.Release|Any CPU.ActiveCfg = Release|Any CPU
		{9E99F499-EDAE-4A74-86B6-397D8CA5D9FA}.Release|Any CPU.Build.0 = Release|Any CPU
		{9E99F499-EDAE-4A74-86B6-397D8CA5D9FA}.Release|x64.ActiveCfg = Release|Any CPU
		{9E99F499-EDAE-4A74-86B6-397D8CA5D9FA}.Release|x64.Build.0 = Release|Any CPU
		{9E99F499-EDAE-4A74-86B6-397D8CA5D9FA}.Release|x86.ActiveCfg = Release|Any CPU
		{9E99F499-EDAE-4A74-86B6-397D8CA5D9FA}.Release|x86.Build.0 = Release|Any CPU
		{30DC4429-62D6-4552-99A1-766D9BE645D1}.Debug|Any CPU.ActiveCfg = Debug|Any CPU
		{30DC4429-62D6-4552-99A1-766D9BE645D1}.Debug|Any CPU.Build.0 = Debug|Any CPU
		{30DC4429-62D6-4552-99A1-766D9BE645D1}.Debug|x64.ActiveCfg = Debug|Any CPU
		{30DC4429-62D6-4552-99A1-766D9BE645D1}.Debug|x64.Build.0 = Debug|Any CPU
		{30DC4429-62D6-4552-99A1-766D9BE645D1}.Debug|x86.ActiveCfg = Debug|Any CPU
		{30DC4429-62D6-4552-99A1-766D9BE645D1}.Debug|x86.Build.0 = Debug|Any CPU
		{30DC4429-62D6-4552-99A1-766D9BE645D1}.Release|Any CPU.ActiveCfg = Release|Any CPU
		{30DC4429-62D6-4552-99A1-766D9BE645D1}.Release|Any CPU.Build.0 = Release|Any CPU
		{30DC4429-62D6-4552-99A1-766D9BE645D1}.Release|x64.ActiveCfg = Release|Any CPU
		{30DC4429-62D6-4552-99A1-766D9BE645D1}.Release|x64.Build.0 = Release|Any CPU
		{30DC4429-62D6-4552-99A1-766D9BE645D1}.Release|x86.ActiveCfg = Release|Any CPU
		{30DC4429-62D6-4552-99A1-766D9BE645D1}.Release|x86.Build.0 = Release|Any CPU
		{AD2ADC56-76B5-4E4D-9F50-75BAF536BA28}.Debug|Any CPU.ActiveCfg = Debug|Any CPU
		{AD2ADC56-76B5-4E4D-9F50-75BAF536BA28}.Debug|Any CPU.Build.0 = Debug|Any CPU
		{AD2ADC56-76B5-4E4D-9F50-75BAF536BA28}.Debug|x64.ActiveCfg = Debug|Any CPU
		{AD2ADC56-76B5-4E4D-9F50-75BAF536BA28}.Debug|x64.Build.0 = Debug|Any CPU
		{AD2ADC56-76B5-4E4D-9F50-75BAF536BA28}.Debug|x86.ActiveCfg = Debug|Any CPU
		{AD2ADC56-76B5-4E4D-9F50-75BAF536BA28}.Debug|x86.Build.0 = Debug|Any CPU
		{AD2ADC56-76B5-4E4D-9F50-75BAF536BA28}.Release|Any CPU.ActiveCfg = Release|Any CPU
		{AD2ADC56-76B5-4E4D-9F50-75BAF536BA28}.Release|Any CPU.Build.0 = Release|Any CPU
		{AD2ADC56-76B5-4E4D-9F50-75BAF536BA28}.Release|x64.ActiveCfg = Release|Any CPU
		{AD2ADC56-76B5-4E4D-9F50-75BAF536BA28}.Release|x64.Build.0 = Release|Any CPU
		{AD2ADC56-76B5-4E4D-9F50-75BAF536BA28}.Release|x86.ActiveCfg = Release|Any CPU
		{AD2ADC56-76B5-4E4D-9F50-75BAF536BA28}.Release|x86.Build.0 = Release|Any CPU
		{A07953D8-5007-47D3-958E-42954FC8CB16}.Debug|Any CPU.ActiveCfg = Debug|Any CPU
		{A07953D8-5007-47D3-958E-42954FC8CB16}.Debug|Any CPU.Build.0 = Debug|Any CPU
		{A07953D8-5007-47D3-958E-42954FC8CB16}.Debug|x64.ActiveCfg = Debug|Any CPU
		{A07953D8-5007-47D3-958E-42954FC8CB16}.Debug|x64.Build.0 = Debug|Any CPU
		{A07953D8-5007-47D3-958E-42954FC8CB16}.Debug|x86.ActiveCfg = Debug|Any CPU
		{A07953D8-5007-47D3-958E-42954FC8CB16}.Debug|x86.Build.0 = Debug|Any CPU
		{A07953D8-5007-47D3-958E-42954FC8CB16}.Release|Any CPU.ActiveCfg = Release|Any CPU
		{A07953D8-5007-47D3-958E-42954FC8CB16}.Release|Any CPU.Build.0 = Release|Any CPU
		{A07953D8-5007-47D3-958E-42954FC8CB16}.Release|x64.ActiveCfg = Release|Any CPU
		{A07953D8-5007-47D3-958E-42954FC8CB16}.Release|x64.Build.0 = Release|Any CPU
		{A07953D8-5007-47D3-958E-42954FC8CB16}.Release|x86.ActiveCfg = Release|Any CPU
		{A07953D8-5007-47D3-958E-42954FC8CB16}.Release|x86.Build.0 = Release|Any CPU
		{25394B56-6943-456E-B146-F27CDD928D11}.Debug|Any CPU.ActiveCfg = Debug|Any CPU
		{25394B56-6943-456E-B146-F27CDD928D11}.Debug|Any CPU.Build.0 = Debug|Any CPU
		{25394B56-6943-456E-B146-F27CDD928D11}.Debug|x64.ActiveCfg = Debug|Any CPU
		{25394B56-6943-456E-B146-F27CDD928D11}.Debug|x64.Build.0 = Debug|Any CPU
		{25394B56-6943-456E-B146-F27CDD928D11}.Debug|x86.ActiveCfg = Debug|Any CPU
		{25394B56-6943-456E-B146-F27CDD928D11}.Debug|x86.Build.0 = Debug|Any CPU
		{25394B56-6943-456E-B146-F27CDD928D11}.Release|Any CPU.ActiveCfg = Release|Any CPU
		{25394B56-6943-456E-B146-F27CDD928D11}.Release|Any CPU.Build.0 = Release|Any CPU
		{25394B56-6943-456E-B146-F27CDD928D11}.Release|x64.ActiveCfg = Release|Any CPU
		{25394B56-6943-456E-B146-F27CDD928D11}.Release|x64.Build.0 = Release|Any CPU
		{25394B56-6943-456E-B146-F27CDD928D11}.Release|x86.ActiveCfg = Release|Any CPU
		{25394B56-6943-456E-B146-F27CDD928D11}.Release|x86.Build.0 = Release|Any CPU
	EndGlobalSection
	GlobalSection(SolutionProperties) = preSolution
		HideSolutionNode = FALSE
	EndGlobalSection
	GlobalSection(ExtensibilityGlobals) = postSolution
		SolutionGuid = {E3402FB1-0BD1-4DE7-A1FE-9367775DF9A7}
	EndGlobalSection
EndGlobal
